{
  "lockfileVersion": 1,
  "workspaces": {
    "": {
      "dependencies": {
        "html-entities": "2.6.0",
        "iconv-lite": "0.7.0",
        "mime-types": "3.0.1",
        "striptags": "^3.2.0",
      },
      "devDependencies": {
        "@playwright/test": "^1.51.1",
        "@types/node": "^20.17.25",
        "oxlint": "1.19.0",
        "prettier": "3.6.2",
      },
    },
  },
  "packages": {
    "@oxlint/darwin-arm64": ["@oxlint/darwin-arm64@1.19.0", "", { "os": "darwin", "cpu": "arm64" }, "sha512-dSozp6FXowhFEjmT0FC/iBWj9KziWfixxaYT367kOXZUyA0hvOzsLsBB780Swr40zvqklUR0d3fbZbziGHRJoQ=="],

    "@oxlint/darwin-x64": ["@oxlint/darwin-x64@1.19.0", "", { "os": "darwin", "cpu": "x64" }, "sha512-3OY1km70zTlH6b8K8AHSuaEaa4sntmAcBugMZBaJmHkioia7zxlAQV9xtQ2wsBSDQbBmcf1j5Y0NcHP7fmIZvA=="],

    "@oxlint/linux-arm64-gnu": ["@oxlint/linux-arm64-gnu@1.19.0", "", { "os": "linux", "cpu": "arm64" }, "sha512-TS9wmx9B/v1f/bNXu3lIEcdNIyS0m0H0+95YIWSTGG3q2cK3FVlyUiiAieZRUzXTN89n6JXtua6dK/TVCqbmkQ=="],

    "@oxlint/linux-arm64-musl": ["@oxlint/linux-arm64-musl@1.19.0", "", { "os": "linux", "cpu": "arm64" }, "sha512-o5RAxQfVEu7LsBUwSjEDNdM8sla8WlLMRULsTP3vgxyy1eLJxo2u+4McKtM9/P2KiZQw3NylDoaxU4Z4j/XeRQ=="],

    "@oxlint/linux-x64-gnu": ["@oxlint/linux-x64-gnu@1.19.0", "", { "os": "linux", "cpu": "x64" }, "sha512-QDgAP4TxXsupFEsEGYnaAaKXQQD1lJSi5Htl/b0Vl2xPz8BVBRH+bNDwVGEHVTxT7jdnO2gTEOmfEzOkRJprUQ=="],

    "@oxlint/linux-x64-musl": ["@oxlint/linux-x64-musl@1.19.0", "", { "os": "linux", "cpu": "x64" }, "sha512-iOQooyYzy7RR2yHNM8oHd2Zw6CdU7/G2Uf5ryFi/cF5NV5zlSH//QSkWwrk/kLF69wKqwE8S8snV7WnRA/tXjA=="],

    "@oxlint/win32-arm64": ["@oxlint/win32-arm64@1.19.0", "", { "os": "win32", "cpu": "arm64" }, "sha512-bvgA2fGpdBF/DpB5hZYQzx5fFFiiHxIiPF5zp24czvsIRkezVi9ZH04lCIVkMBxgvKhnU2jLXAn6E1Mbo4QrFw=="],

    "@oxlint/win32-x64": ["@oxlint/win32-x64@1.19.0", "", { "os": "win32", "cpu": "x64" }, "sha512-PloVn/e1kfMsiH0urM4XIhiY0TdqDjwJlzeX8pIKDmxUsKHsjcU8fmddsZSt7K16C2nR3SQVoso2AIR00mRieA=="],

    "@playwright/test": ["@playwright/test@1.51.1", "", { "dependencies": { "playwright": "1.51.1" }, "bin": { "playwright": "cli.js" } }, "sha512-nM+kEaTSAoVlXmMPH10017vn3FSiFqr/bh4fKg9vmAdMfd9SDqRZNvPSiAHADc/itWak+qPvMPZQOPwCBW7k7Q=="],

    "@types/node": ["@types/node@20.17.25", "", { "dependencies": { "undici-types": "~6.19.2" } }, "sha512-bT+r2haIlplJUYtlZrEanFHdPIZTeiMeh/fSOEbOOfWf9uTn+lg8g0KU6Q3iMgjd9FLuuMAgfCNSkjUbxL6E3Q=="],

    "fsevents": ["fsevents@2.3.2", "", { "os": "darwin" }, "sha512-xiqMQR4xAeHTuB9uWm+fFRcIOgKBMiOBP+eXiyT7jsgVCq1bkVygt00oASowB7EdtpOHaaPgKt812P9ab+DDKA=="],

    "html-entities": ["html-entities@2.6.0", "", {}, "sha512-kig+rMn/QOVRvr7c86gQ8lWXq+Hkv6CbAH1hLu+RG338StTpE8Z0b44SDVaqVu7HGKf27frdmUYEs9hTUX/cLQ=="],

    "iconv-lite": ["iconv-lite@0.7.0", "", { "dependencies": { "safer-buffer": ">= 2.1.2 < 3.0.0" } }, "sha512-cf6L2Ds3h57VVmkZe+Pn+5APsT7FpqJtEhhieDCvrE2MK5Qk9MyffgQyuxQTm6BChfeZNtcOLHp9IcWRVcIcBQ=="],

    "mime-db": ["mime-db@1.54.0", "", {}, "sha512-aU5EJuIN2WDemCcAp2vFBfp/m4EAhWJnUNSSw0ixs7/kXbd6Pg64EmwJkNdFhB8aWt1sH2CTXrLxo/iAGV3oPQ=="],

    "mime-types": ["mime-types@3.0.1", "", { "dependencies": { "mime-db": "^1.54.0" } }, "sha512-xRc4oEhT6eaBpU1XF7AjpOFD+xQmXNB5OVKwp4tqCuBpHLS/ZbBDrc07mYTDqVMg6PfxUjjNp85O6Cd2Z/5HWA=="],

    "oxlint": ["oxlint@1.19.0", "", { "optionalDependencies": { "@oxlint/darwin-arm64": "1.19.0", "@oxlint/darwin-x64": "1.19.0", "@oxlint/linux-arm64-gnu": "1.19.0", "@oxlint/linux-arm64-musl": "1.19.0", "@oxlint/linux-x64-gnu": "1.19.0", "@oxlint/linux-x64-musl": "1.19.0", "@oxlint/win32-arm64": "1.19.0", "@oxlint/win32-x64": "1.19.0" }, "peerDependencies": { "oxlint-tsgolint": ">=0.2.0" }, "optionalPeers": ["oxlint-tsgolint"], "bin": { "oxlint": "bin/oxlint", "oxc_language_server": "bin/oxc_language_server" } }, "sha512-MGeclRJFKaROXcPKMHOuJpOhbC4qkbLeZqSlelQioV/5YeBk/qVYZafUUpVO/yQ28Pld3srsTQusFtPNkVuvNA=="],

    "playwright": ["playwright@1.51.1", "", { "dependencies": { "playwright-core": "1.51.1" }, "optionalDependencies": { "fsevents": "2.3.2" }, "bin": { "playwright": "cli.js" } }, "sha512-kkx+MB2KQRkyxjYPc3a0wLZZoDczmppyGJIvQ43l+aZihkaVvmu/21kiyaHeHjiFxjxNNFnUncKmcGIyOojsaw=="],

    "playwright-core": ["playwright-core@1.51.1", "", { "bin": { "playwright-core": "cli.js" } }, "sha512-/crRMj8+j/Nq5s8QcvegseuyeZPxpQCZb6HNk3Sos3BlZyAknRjoyJPFWkpNn8v0+P3WiwqFF8P+zQo4eqiNuw=="],

    "prettier": ["prettier@3.6.2", "", { "bin": { "prettier": "bin/prettier.cjs" } }, "sha512-I7AIg5boAr5R0FFtJ6rCfD+LFsWHp81dolrFD8S79U9tb8Az2nGrJncnMSnys+bpQJfRUzqs9hnA81OAA3hCuQ=="],

    "safer-buffer": ["safer-buffer@2.1.2", "", {}, "sha512-YZo3K82SD7Riyi0E1EQPojLz7kpepnSQI9IyPbHHg1XXXevb5dJI7tpyN2ADxGcQbHG7vcyRHk0cbwqcQriUtg=="],

    "striptags": ["striptags@3.2.0", "", {}, "sha512-g45ZOGzHDMe2bdYMdIvdAfCQkCTDMGBazSw1ypMowwGIee7ZQ5dU0rBJ8Jqgl+jAKIv4dbeE1jscZq9wid1Tkw=="],

    "undici-types": ["undici-types@6.19.8", "", {}, "sha512-ve2KP6f/JnbPBFyobGHuerC9g1FYGn/F8n1LWTwNxCEzd6IfqTwUQcNXgEtmmQ6DlRrC1hrSrBnCZPokRrDHjw=="],
  }
}
