# THIS IS AN AUTOGENERATED FILE. DO NOT EDIT THIS FILE DIRECTLY.
# yarn lockfile v1
# bun ./bun.lockb --hash: 0000000000000000-0000000000000000-0000000000000000-0000000000000000


"@koromix/koffi-darwin-arm64@3.1.6":
  version "3.1.6"
  resolved "https://registry.npmjs.org/@koromix/koffi-darwin-arm64/-/koffi-darwin-arm64-3.1.6.tgz"
  integrity sha512-8FHyXGCZN7/iQf4f7W5BRysmtdlAFvSx6FpmX4u6wmkZiX/2e9hIRdGLiZYlHGudlcA18UmXB/cMiyhJ7fJkzA==

"@koromix/koffi-darwin-x64@3.1.6":
  version "3.1.6"
  resolved "https://registry.npmjs.org/@koromix/koffi-darwin-x64/-/koffi-darwin-x64-3.1.6.tgz"
  integrity sha512-uzx/jqFQuSHqgg1zaRidTBTCfj8Y9M0SDTO8HeoI9s9fJhiJ1mbB9TTwJO5c2hiMnuWg2m1byczC8BaIH6cG/w==

"@koromix/koffi-freebsd-arm64@3.1.6":
  version "3.1.6"
  resolved "https://registry.npmjs.org/@koromix/koffi-freebsd-arm64/-/koffi-freebsd-arm64-3.1.6.tgz"
  integrity sha512-PjpTVrsCK5YTtixOw7VsseYXJOyoY6k0qBt+bf0T9h3wyV06y73rALsorFDDEoYpLUBZO7R6EIMs6CpUrEkNTQ==

"@koromix/koffi-freebsd-ia32@3.1.6":
  version "3.1.6"
  resolved "https://registry.npmjs.org/@koromix/koffi-freebsd-ia32/-/koffi-freebsd-ia32-3.1.6.tgz"
  integrity sha512-ETYwL820HtFwYoOVzgyvmFmzTHRo9DJtGYTxa5Nb7ajaa5ldCum0jbmUJ3PMECxFTLxD5Q6PYZ8Xbp101bGeSg==

"@koromix/koffi-freebsd-x64@3.1.6":
  version "3.1.6"
  resolved "https://registry.npmjs.org/@koromix/koffi-freebsd-x64/-/koffi-freebsd-x64-3.1.6.tgz"
  integrity sha512-BkqxkNXhAAT9toU2stvLwx1iKHPDx7h08NCICyBbjYEXkCAEr84igTkpE5V3XJ9xZZ2gKll7VvdhxorHtHUqZw==

"@koromix/koffi-linux-arm64@3.1.6":
  version "3.1.6"
  resolved "https://registry.npmjs.org/@koromix/koffi-linux-arm64/-/koffi-linux-arm64-3.1.6.tgz"
  integrity sha512-cM4XPm9ljbCrcPgXjzFYjDNxDUvvuR7TCYaEoo1AKjwZT/vmWhu2xN3pomfbsHh6aVn80SFA3enufQnaETW1rQ==

"@koromix/koffi-linux-ia32@3.1.6":
  version "3.1.6"
  resolved "https://registry.npmjs.org/@koromix/koffi-linux-ia32/-/koffi-linux-ia32-3.1.6.tgz"
  integrity sha512-l1SVTpO10iaQt8slbowJpzK4fbwQZ7ufj9tmCyAcIwWUpyAbPS83mJMctU72If6N9/gCS2wuRqwnYB2uPLLhLg==

"@koromix/koffi-linux-loong64@3.1.6":
  version "3.1.6"
  resolved "https://registry.npmjs.org/@koromix/koffi-linux-loong64/-/koffi-linux-loong64-3.1.6.tgz"
  integrity sha512-KpTJpMSbIdCVFU26ynt0xy4x15h+y6AwPJxj2+iVxJhCzJf4oisCPc0YH2VnutuLV2nVzSrFm7sL/WSOqPgkXw==

"@koromix/koffi-linux-riscv64@3.1.6":
  version "3.1.6"
  resolved "https://registry.npmjs.org/@koromix/koffi-linux-riscv64/-/koffi-linux-riscv64-3.1.6.tgz"
  integrity sha512-YdFNpsywnXiYOYQlDAatf7TJLnspbGXdmfwIZhf82kbKSflYUsq4tI6NmoUOzM89oIWDGpYqd4Hz3xL7tsyXsw==

"@koromix/koffi-linux-x64@3.1.6":
  version "3.1.6"
  resolved "https://registry.npmjs.org/@koromix/koffi-linux-x64/-/koffi-linux-x64-3.1.6.tgz"
  integrity sha512-Xx5mpr9VcaMCXfvbqIiLIWIL9Iuu6F4r3iMXg7+zZCqYUFZPFwJgiDQBLxctHv2OYgIfAoaaHMW0GC1cJkHfbA==

"@koromix/koffi-openbsd-ia32@3.1.6":
  version "3.1.6"
  resolved "https://registry.npmjs.org/@koromix/koffi-openbsd-ia32/-/koffi-openbsd-ia32-3.1.6.tgz"
  integrity sha512-39Np4QTxhTlTT6RRveIeP+TnbzrwuDJ0UMyHxEZ+oGtzmb9GqWhl9T1oyehG6v/O+c4BffafG2NwLkCZ7tDKWw==

"@koromix/koffi-openbsd-x64@3.1.6":
  version "3.1.6"
  resolved "https://registry.npmjs.org/@koromix/koffi-openbsd-x64/-/koffi-openbsd-x64-3.1.6.tgz"
  integrity sha512-3EynGn3ycQRqaMWGmUJ0tdtuQdStByqSy/tJ0ZGKWizbMGdFAE73YpgLsyd8BDvwnKWytVG/OLNb5nDHpfd9Dg==

"@koromix/koffi-win32-arm64@3.1.6":
  version "3.1.6"
  resolved "https://registry.npmjs.org/@koromix/koffi-win32-arm64/-/koffi-win32-arm64-3.1.6.tgz"
  integrity sha512-27FdPPRtT4xbO9bsd2OZa95M5YQ7bcJ8QjCRO57UUMI21REfkDegjqKwqo/CFlugxXlJf5IYtG2rq4BEYIrvxg==

"@koromix/koffi-win32-ia32@3.1.6":
  version "3.1.6"
  resolved "https://registry.npmjs.org/@koromix/koffi-win32-ia32/-/koffi-win32-ia32-3.1.6.tgz"
  integrity sha512-5mVelLKVDup4eoxZOpCzCyMPxoctsg+Qe4J9O5BP4KbBEdqoOEqaNEBBRgNzXcdr2g+GGfmIUo+oVR1NvIdiJw==

"@koromix/koffi-win32-x64@3.1.6":
  version "3.1.6"
  resolved "https://registry.npmjs.org/@koromix/koffi-win32-x64/-/koffi-win32-x64-3.1.6.tgz"
  integrity sha512-lPKjAaHz0aoiZXT/wDVqH+joR5y3lCZj1s9Bk5qx/DGRq+0MK8Ib8VoqiBOrJ69NG5AsJSvn0tQDcSqfRgLmBQ==

"@oxlint/binding-android-arm-eabi@1.80.0":
  version "1.80.0"
  resolved "https://registry.npmjs.org/@oxlint/binding-android-arm-eabi/-/binding-android-arm-eabi-1.80.0.tgz"
  integrity sha512-RM3Plj+biQpxa5d1GOOX6ciDlcUROmm4OZ/pLTpitkQt2mJv4jhtY4cbgaetOm5UKWZe05/TGQ6o1Vl8EOHkrA==

"@oxlint/binding-android-arm64@1.80.0":
  version "1.80.0"
  resolved "https://registry.npmjs.org/@oxlint/binding-android-arm64/-/binding-android-arm64-1.80.0.tgz"
  integrity sha512-YlO5JEf0Yr2bUUlu8O8daVcUxtcGGbcSmyV7E7nSbJbfAdxTE0PFPwgnIlw7wXJaTYjb+qs5hI5q3jxUkI7cAw==

"@oxlint/binding-darwin-arm64@1.80.0":
  version "1.80.0"
  resolved "https://registry.npmjs.org/@oxlint/binding-darwin-arm64/-/binding-darwin-arm64-1.80.0.tgz"
  integrity sha512-BULDOyO3AhsmdWfQeIUCykDt3dd7XZBGLhp1eIh56skRv01O+cNjNPwXMIbeW1x4+pxcln5if72wcRgViVo7PA==

"@oxlint/binding-darwin-x64@1.80.0":
  version "1.80.0"
  resolved "https://registry.npmjs.org/@oxlint/binding-darwin-x64/-/binding-darwin-x64-1.80.0.tgz"
  integrity sha512-YJ4JzLw7N5TDSQFlA0hAQGHvnDZgyypm1yunObVWcWiF9KM7eGCJKYKLgTC2Fi/57OdnBhbj4OkzPGdFQJ6HyA==

"@oxlint/binding-freebsd-x64@1.80.0":
  version "1.80.0"
  resolved "https://registry.npmjs.org/@oxlint/binding-freebsd-x64/-/binding-freebsd-x64-1.80.0.tgz"
  integrity sha512-AYUIk5QnL0s8oWAYsREZwkRYy1SupJTXALo93J1TgzHywxQtdM99FecRMQ87MXEdPQ0j1TmEpeeq3fGNkpvMqg==

"@oxlint/binding-linux-arm-gnueabihf@1.80.0":
  version "1.80.0"
  resolved "https://registry.npmjs.org/@oxlint/binding-linux-arm-gnueabihf/-/binding-linux-arm-gnueabihf-1.80.0.tgz"
  integrity sha512-9hBZVANupQ89W9dXyE0n8doCyaW5pDyGn3y6XlIMPZ+rIKuyqkr3SNUXmVJIhuvUq0NBU3RBiSXXE69l4XI6KA==

"@oxlint/binding-linux-arm-musleabihf@1.80.0":
  version "1.80.0"
  resolved "https://registry.npmjs.org/@oxlint/binding-linux-arm-musleabihf/-/binding-linux-arm-musleabihf-1.80.0.tgz"
  integrity sha512-SvS2uKqzY+pbfuvAHzH4338R6Zwo805GAwrIMVvK1KxoOWCIjZUdfzTCvilD7z6JK91v011+zYMryabhDo2AsQ==

"@oxlint/binding-linux-arm64-gnu@1.80.0":
  version "1.80.0"
  resolved "https://registry.npmjs.org/@oxlint/binding-linux-arm64-gnu/-/binding-linux-arm64-gnu-1.80.0.tgz"
  integrity sha512-tCLadyqRVL3pQTRPNg7cjXKvcvS4fbyXeQHhKk5BTJ1oftQln5/yIIWbu/Xom/DX41zv2P9QGt6+D/TtQVtY3A==

"@oxlint/binding-linux-arm64-musl@1.80.0":
  version "1.80.0"
  resolved "https://registry.npmjs.org/@oxlint/binding-linux-arm64-musl/-/binding-linux-arm64-musl-1.80.0.tgz"
  integrity sha512-XfpCNRlOPcLlJl4Bn/FUhjqlR6BVavEykERBf/MV7YA9VZDa5g5znVqYhyviMafcxS9Pe/i/kPvHNO0U6svEHQ==

"@oxlint/binding-linux-ppc64-gnu@1.80.0":
  version "1.80.0"
  resolved "https://registry.npmjs.org/@oxlint/binding-linux-ppc64-gnu/-/binding-linux-ppc64-gnu-1.80.0.tgz"
  integrity sha512-3I4yMwcFG9NeO8ioY6JBBuKsIm5GL/x7MATt1S4tVWaxPu5HcJ+XnLUbcVBTxG8q2Wu56HSj+NmXQiVYb1lp6A==

"@oxlint/binding-linux-riscv64-gnu@1.80.0":
  version "1.80.0"
  resolved "https://registry.npmjs.org/@oxlint/binding-linux-riscv64-gnu/-/binding-linux-riscv64-gnu-1.80.0.tgz"
  integrity sha512-E1wAKymkpe1/E8helzBKdm81OBOF+ezxRyXRMEuik3ZpWDER5CPOKZwF66RsdwW98uwZv8UTFremUQtC1CzdJA==

"@oxlint/binding-linux-riscv64-musl@1.80.0":
  version "1.80.0"
  resolved "https://registry.npmjs.org/@oxlint/binding-linux-riscv64-musl/-/binding-linux-riscv64-musl-1.80.0.tgz"
  integrity sha512-+gLRGD4sIo3+VA++iham5UxD9tKSoJ/VOrROCEXIcknrYtQg6iIQgvjN0cpiRF7N6UYC7pJbvHJlDnMge5LRpQ==

"@oxlint/binding-linux-s390x-gnu@1.80.0":
  version "1.80.0"
  resolved "https://registry.npmjs.org/@oxlint/binding-linux-s390x-gnu/-/binding-linux-s390x-gnu-1.80.0.tgz"
  integrity sha512-aR0PrzHj9leW3NmzBAAP4EzdoBNoJcs9sjnIQPIwyRnBGYrRbXUIpEB5Q39AqK3PLY5JK5uEhDQDiUa1QSAstw==

"@oxlint/binding-linux-x64-gnu@1.80.0":
  version "1.80.0"
  resolved "https://registry.npmjs.org/@oxlint/binding-linux-x64-gnu/-/binding-linux-x64-gnu-1.80.0.tgz"
  integrity sha512-vSVh5cSo3Xxs6ghBCcFJlpbkbENzDog1qXtoXLa/HC3aCrR4XO76GZbXmQoCPHnu99nQpdCeC3H9tdNICfDh7A==

"@oxlint/binding-linux-x64-musl@1.80.0":
  version "1.80.0"
  resolved "https://registry.npmjs.org/@oxlint/binding-linux-x64-musl/-/binding-linux-x64-musl-1.80.0.tgz"
  integrity sha512-FfzBXpNQ8u7/ZI/p8bl73MeZ508Ax3hxWp3SiJpEFiC+BB9XcXy5FAZHTLKDPSzrUpxQZSZJAVdDmuJp/+HDBQ==

"@oxlint/binding-openharmony-arm64@1.80.0":
  version "1.80.0"
  resolved "https://registry.npmjs.org/@oxlint/binding-openharmony-arm64/-/binding-openharmony-arm64-1.80.0.tgz"
  integrity sha512-zMzbkumtmprCgRwoYNzcB3iC39fXdJIMLMU33KdCjEGLlJGOEt1+LwQ4LF8ndLzAEKVz4BR0y3V6Xrkk3Nm3yA==

"@oxlint/binding-win32-arm64-msvc@1.80.0":
  version "1.80.0"
  resolved "https://registry.npmjs.org/@oxlint/binding-win32-arm64-msvc/-/binding-win32-arm64-msvc-1.80.0.tgz"
  integrity sha512-ib6iRcrXsk4t1fm3iKcwksyWh1ZkZXC/2mEzakl0ai2+6HZunf1WWMZ/xP9EJAvw9g9K4UVTC3NF/+G2qLrbTQ==

"@oxlint/binding-win32-ia32-msvc@1.80.0":
  version "1.80.0"
  resolved "https://registry.npmjs.org/@oxlint/binding-win32-ia32-msvc/-/binding-win32-ia32-msvc-1.80.0.tgz"
  integrity sha512-xhRWBMpLxZvgKAH6+DJZmpP+W8Y8UdQOSU1JfxSWNXsaBaRGW77j+1hCuNHlzj7OH4SPN8fYd1q0o2qrDtoVyw==

"@oxlint/binding-win32-x64-msvc@1.80.0":
  version "1.80.0"
  resolved "https://registry.npmjs.org/@oxlint/binding-win32-x64-msvc/-/binding-win32-x64-msvc-1.80.0.tgz"
  integrity sha512-yAnO7lwBYQnz2pcfBPIGQQZWIX5zd5R/1aAKIF3oE+TVj7IhoHcROjOkz3sRDngzqhfPKfFaXqug5j5rE5dn6Q==

"@playwright/test@^1.51.1":
  version "1.51.1"
  resolved "https://registry.npmjs.org/@playwright/test/-/test-1.51.1.tgz"
  integrity sha512-nM+kEaTSAoVlXmMPH10017vn3FSiFqr/bh4fKg9vmAdMfd9SDqRZNvPSiAHADc/itWak+qPvMPZQOPwCBW7k7Q==
  dependencies:
    playwright "1.51.1"

"@types/node@^20.17.25":
  version "20.17.25"
  resolved "https://registry.npmjs.org/@types/node/-/node-20.17.25.tgz"
  integrity sha512-bT+r2haIlplJUYtlZrEanFHdPIZTeiMeh/fSOEbOOfWf9uTn+lg8g0KU6Q3iMgjd9FLuuMAgfCNSkjUbxL6E3Q==
  dependencies:
    undici-types "~6.19.2"

fsevents@2.3.2:
  version "2.3.2"
  resolved "https://registry.npmjs.org/fsevents/-/fsevents-2.3.2.tgz"
  integrity sha512-xiqMQR4xAeHTuB9uWm+fFRcIOgKBMiOBP+eXiyT7jsgVCq1bkVygt00oASowB7EdtpOHaaPgKt812P9ab+DDKA==

html-entities@2.6.0:
  version "2.6.0"
  resolved "https://registry.npmjs.org/html-entities/-/html-entities-2.6.0.tgz"
  integrity sha512-kig+rMn/QOVRvr7c86gQ8lWXq+Hkv6CbAH1hLu+RG338StTpE8Z0b44SDVaqVu7HGKf27frdmUYEs9hTUX/cLQ==

iconv-lite@0.7.0:
  version "0.7.0"
  resolved "https://registry.npmjs.org/iconv-lite/-/iconv-lite-0.7.0.tgz"
  integrity sha512-cf6L2Ds3h57VVmkZe+Pn+5APsT7FpqJtEhhieDCvrE2MK5Qk9MyffgQyuxQTm6BChfeZNtcOLHp9IcWRVcIcBQ==
  dependencies:
    safer-buffer ">= 2.1.2 < 3.0.0"

impers@^0.1.1:
  version "0.1.1"
  resolved "https://registry.npmjs.org/impers/-/impers-0.1.1.tgz"
  integrity sha512-e/syicsvmH1L9FVG+QapI+cTy01MxAjHo1tLgtByGjiGHvhNQPRC704yUuktB65X+NeiZkf+1tI4LBm/YFvxfA==
  dependencies:
    koffi "^3.0.2"

koffi@^3.0.2:
  version "3.1.6"
  resolved "https://registry.npmjs.org/koffi/-/koffi-3.1.6.tgz"
  integrity sha512-ln60chEb3o7Du1ayjwl6BFiNN1wZK+3cTM2wWGiHLEzCY/FdTIN1ER5VWDwHq7J/j4tSnnrHaH5ABS1EO6+6ag==
  optionalDependencies:
    "@koromix/koffi-darwin-arm64" "3.1.6"
    "@koromix/koffi-darwin-x64" "3.1.6"
    "@koromix/koffi-freebsd-arm64" "3.1.6"
    "@koromix/koffi-freebsd-ia32" "3.1.6"
    "@koromix/koffi-freebsd-x64" "3.1.6"
    "@koromix/koffi-linux-arm64" "3.1.6"
    "@koromix/koffi-linux-ia32" "3.1.6"
    "@koromix/koffi-linux-loong64" "3.1.6"
    "@koromix/koffi-linux-riscv64" "3.1.6"
    "@koromix/koffi-linux-x64" "3.1.6"
    "@koromix/koffi-openbsd-ia32" "3.1.6"
    "@koromix/koffi-openbsd-x64" "3.1.6"
    "@koromix/koffi-win32-arm64" "3.1.6"
    "@koromix/koffi-win32-ia32" "3.1.6"
    "@koromix/koffi-win32-x64" "3.1.6"

mime-db@^1.54.0:
  version "1.54.0"
  resolved "https://registry.npmjs.org/mime-db/-/mime-db-1.54.0.tgz"
  integrity sha512-aU5EJuIN2WDemCcAp2vFBfp/m4EAhWJnUNSSw0ixs7/kXbd6Pg64EmwJkNdFhB8aWt1sH2CTXrLxo/iAGV3oPQ==

mime-types@3.0.1:
  version "3.0.1"
  resolved "https://registry.npmjs.org/mime-types/-/mime-types-3.0.1.tgz"
  integrity sha512-xRc4oEhT6eaBpU1XF7AjpOFD+xQmXNB5OVKwp4tqCuBpHLS/ZbBDrc07mYTDqVMg6PfxUjjNp85O6Cd2Z/5HWA==
  dependencies:
    mime-db "^1.54.0"

oxlint@1.80.0:
  version "1.80.0"
  resolved "https://registry.npmjs.org/oxlint/-/oxlint-1.80.0.tgz"
  integrity sha512-5nTiSps4qdbCWLbxzuO00alHkEO2exR9YMN/ig6QXWrLsYSG0KaObOAM+l6oU2LcKPWoSAGYbkZIGEu1ViiWKA==
  optionalDependencies:
    "@oxlint/binding-darwin-x64" "1.80.0"
    "@oxlint/binding-freebsd-x64" "1.80.0"
    "@oxlint/binding-darwin-arm64" "1.80.0"
    "@oxlint/binding-android-arm64" "1.80.0"
    "@oxlint/binding-linux-x64-gnu" "1.80.0"
    "@oxlint/binding-linux-x64-musl" "1.80.0"
    "@oxlint/binding-win32-x64-msvc" "1.80.0"
    "@oxlint/binding-linux-arm64-gnu" "1.80.0"
    "@oxlint/binding-linux-ppc64-gnu" "1.80.0"
    "@oxlint/binding-linux-s390x-gnu" "1.80.0"
    "@oxlint/binding-win32-ia32-msvc" "1.80.0"
    "@oxlint/binding-android-arm-eabi" "1.80.0"
    "@oxlint/binding-linux-arm64-musl" "1.80.0"
    "@oxlint/binding-win32-arm64-msvc" "1.80.0"
    "@oxlint/binding-linux-riscv64-gnu" "1.80.0"
    "@oxlint/binding-openharmony-arm64" "1.80.0"
    "@oxlint/binding-linux-riscv64-musl" "1.80.0"
    "@oxlint/binding-linux-arm-gnueabihf" "1.80.0"
    "@oxlint/binding-linux-arm-musleabihf" "1.80.0"

playwright@1.51.1:
  version "1.51.1"
  resolved "https://registry.npmjs.org/playwright/-/playwright-1.51.1.tgz"
  integrity sha512-kkx+MB2KQRkyxjYPc3a0wLZZoDczmppyGJIvQ43l+aZihkaVvmu/21kiyaHeHjiFxjxNNFnUncKmcGIyOojsaw==
  optionalDependencies:
    fsevents "2.3.2"
  dependencies:
    playwright-core "1.51.1"

playwright-core@1.51.1:
  version "1.51.1"
  resolved "https://registry.npmjs.org/playwright-core/-/playwright-core-1.51.1.tgz"
  integrity sha512-/crRMj8+j/Nq5s8QcvegseuyeZPxpQCZb6HNk3Sos3BlZyAknRjoyJPFWkpNn8v0+P3WiwqFF8P+zQo4eqiNuw==

prettier@3.6.2:
  version "3.6.2"
  resolved "https://registry.npmjs.org/prettier/-/prettier-3.6.2.tgz"
  integrity sha512-I7AIg5boAr5R0FFtJ6rCfD+LFsWHp81dolrFD8S79U9tb8Az2nGrJncnMSnys+bpQJfRUzqs9hnA81OAA3hCuQ==

"safer-buffer@>= 2.1.2 < 3.0.0":
  version "2.1.2"
  resolved "https://registry.npmjs.org/safer-buffer/-/safer-buffer-2.1.2.tgz"
  integrity sha512-YZo3K82SD7Riyi0E1EQPojLz7kpepnSQI9IyPbHHg1XXXevb5dJI7tpyN2ADxGcQbHG7vcyRHk0cbwqcQriUtg==

striptags@^3.2.0:
  version "3.2.0"
  resolved "https://registry.npmjs.org/striptags/-/striptags-3.2.0.tgz"
  integrity sha512-g45ZOGzHDMe2bdYMdIvdAfCQkCTDMGBazSw1ypMowwGIee7ZQ5dU0rBJ8Jqgl+jAKIv4dbeE1jscZq9wid1Tkw==

undici-types@~6.19.2:
  version "6.19.8"
  resolved "https://registry.npmjs.org/undici-types/-/undici-types-6.19.8.tgz"
  integrity sha512-ve2KP6f/JnbPBFyobGHuerC9g1FYGn/F8n1LWTwNxCEzd6IfqTwUQcNXgEtmmQ6DlRrC1hrSrBnCZPokRrDHjw==
